
Microsoft Visual Studio Solution File, Format Version 12.00
# Visual Studio Version 16
VisualStudioVersion = 16.0.31205.134
MinimumVisualStudioVersion = 10.0.40219.1
Project("{FAE04EC0-301F-11D3-BF4B-00C04F79EFBC}") = "LB_2_1", "LB_2_1\LB_2_1.csproj", "{0C28C34B-7B41-42F4-BD53-58FAB4442CE2}"
EndProject
Global
	GlobalSection(SolutionConfigurationPlatforms) = preSolution
		Debug|Any CPU = Debug|Any CPU
		Release|Any CPU = Release|Any CPU
	EndGlobalSection
	GlobalSection(ProjectConfigurationPlatforms) = postSolution
		{0C28C34B-7B41-42F4-BD53-58FAB4442CE2}.Debug|Any CPU.ActiveCfg = Debug|Any CPU
		{0C28C34B-7B41-42F4-BD53-58FAB4442CE2}.Debug|Any CPU.Build.0 = Debug|Any CPU
		{0C28C34B-7B41-42F4-BD53-58FAB4442CE2}.Release|Any CPU.ActiveCfg = Release|Any CPU
		{0C28C34B-7B41-42F4-BD53-58FAB4442CE2}.Release|Any CPU.Build.0 = Release|Any CPU
	EndGlobalSection
	GlobalSection(SolutionProperties) = preSolution
		HideSolutionNode = FALSE
	EndGlobalSection
	GlobalSection(ExtensibilityGlobals) = postSolution
		SolutionGuid = {2723BBE0-1E6A-4879-B115-72171B2ABFF3}
	EndGlobalSection
EndGlobal
